
Microsoft Visual Studio Solution File, Format Version 12.00
# Visual Studio 15
VisualStudioVersion = 15.0.28307.421
MinimumVisualStudioVersion = 10.0.40219.1
Project("{FAE04EC0-301F-11D3-BF4B-00C04F79EFBC}") = "meyer_exercise", "meyer_exercise\meyer_exercise.csproj", "{4912B489-9BC9-49D2-B42A-011812C19ACE}"
EndProject
Global
	GlobalSection(SolutionConfigurationPlatforms) = preSolution
		Debug|Any CPU = Debug|Any CPU
		Release|Any CPU = Release|Any CPU
	EndGlobalSection
	GlobalSection(ProjectConfigurationPlatforms) = postSolution
		{4912B489-9BC9-49D2-B42A-011812C19ACE}.Debug|Any CPU.ActiveCfg = Debug|Any CPU
		{4912B489-9BC9-49D2-B42A-011812C19ACE}.Debug|Any CPU.Build.0 = Debug|Any CPU
		{4912B489-9BC9-49D2-B42A-011812C19ACE}.Release|Any CPU.ActiveCfg = Release|Any CPU
		{4912B489-9BC9-49D2-B42A-011812C19ACE}.Release|Any CPU.Build.0 = Release|Any CPU
	EndGlobalSection
	GlobalSection(SolutionProperties) = preSolution
		HideSolutionNode = FALSE
	EndGlobalSection
	GlobalSection(ExtensibilityGlobals) = postSolution
		SolutionGuid = {45E40EBD-3A8C-4C7D-A504-1571915D9391}
	EndGlobalSection
EndGlobal
